
Microsoft Visual Studio Solution File, Format Version 12.00
# Visual Studio Version 17
VisualStudioVersion = 17.0.31903.59
MinimumVisualStudioVersion = 10.0.40219.1
Project("{2150E333-8FDC-42A3-9474-1A3956D46DE8}") = "src", "src", "{827E0CD3-B72D-47B6-A68D-7590B98EB39B}"
EndProject
Project("{FAE04EC0-301F-11D3-BF4B-00C04F79EFBC}") = "WarcraftArmory.Domain", "src\WarcraftArmory.Domain\WarcraftArmory.Domain.csproj", "{9104B246-E535-4C8D-85FD-660EA39DFC51}"
EndProject
Project("{FAE04EC0-301F-11D3-BF4B-00C04F79EFBC}") = "WarcraftArmory.Application", "src\WarcraftArmory.Application\WarcraftArmory.Application.csproj", "{472E1BCE-2B10-405B-92FF-4E564C484AFC}"
EndProject
Project("{FAE04EC0-301F-11D3-BF4B-00C04F79EFBC}") = "WarcraftArmory.Infrastructure", "src\WarcraftArmory.Infrastructure\WarcraftArmory.Infrastructure.csproj", "{757E54FA-EBF4-4842-AB9E-70BF24160333}"
EndProject
Project("{FAE04EC0-301F-11D3-BF4B-00C04F79EFBC}") = "WarcraftArmory.WebApi", "src\WarcraftArmory.WebApi\WarcraftArmory.WebApi.csproj", "{059DEB42-B783-478E-BF5B-B6000A2C1DBB}"
EndProject
Project("{2150E333-8FDC-42A3-9474-1A3956D46DE8}") = "tests", "tests", "{0AB3BF05-4346-4AA6-1389-037BE0695223}"
EndProject
Project("{FAE04EC0-301F-11D3-BF4B-00C04F79EFBC}") = "WarcraftArmory.Domain.Tests", "tests\WarcraftArmory.Domain.Tests\WarcraftArmory.Domain.Tests.csproj", "{8513FD10-145A-4A8B-9F0D-7210E28F90A5}"
EndProject
Project("{FAE04EC0-301F-11D3-BF4B-00C04F79EFBC}") = "WarcraftArmory.Application.Tests", "tests\WarcraftArmory.Application.Tests\WarcraftArmory.Application.Tests.csproj", "{5614816A-C381-4A71-A577-4F1977E677E9}"
EndProject
Project("{FAE04EC0-301F-11D3-BF4B-00C04F79EFBC}") = "WarcraftArmory.Infrastructure.Tests", "tests\WarcraftArmory.Infrastructure.Tests\WarcraftArmory.Infrastructure.Tests.csproj", "{8776BE79-E48A-4C0C-BBC0-5B3FFB115BA0}"
EndProject
Project("{FAE04EC0-301F-11D3-BF4B-00C04F79EFBC}") = "WarcraftArmory.WebApi.Tests", "tests\WarcraftArmory.WebApi.Tests\WarcraftArmory.WebApi.Tests.csproj", "{6C0B9FDE-C79F-47DE-817F-726029BE09B2}"
EndProject
Global
	GlobalSection(SolutionConfigurationPlatforms) = preSolution
		Debug|Any CPU = Debug|Any CPU
		Debug|x64 = Debug|x64
		Debug|x86 = Debug|x86
		Release|Any CPU = Release|Any CPU
		Release|x64 = Release|x64
		Release|x86 = Release|x86
	EndGlobalSection
	GlobalSection(ProjectConfigurationPlatforms) = postSolution
		{9104B246-E535-4C8D-85FD-660EA39DFC51}.Debug|Any CPU.ActiveCfg = Debug|Any CPU
		{9104B246-E535-4C8D-85FD-660EA39DFC51}.Debug|Any CPU.Build.0 = Debug|Any CPU
		{9104B246-E535-4C8D-85FD-660EA39DFC51}.Debug|x64.ActiveCfg = Debug|Any CPU
		{9104B246-E535-4C8D-85FD-660EA39DFC51}.Debug|x64.Build.0 = Debug|Any CPU
		{9104B246-E535-4C8D-85FD-660EA39DFC51}.Debug|x86.ActiveCfg = Debug|Any CPU
		{9104B246-E535-4C8D-85FD-660EA39DFC51}.Debug|x86.Build.0 = Debug|Any CPU
		{9104B246-E535-4C8D-85FD-660EA39DFC51}.Release|Any CPU.ActiveCfg = Release|Any CPU
		{9104B246-E535-4C8D-85FD-660EA39DFC51}.Release|Any CPU.Build.0 = Release|Any CPU
		{9104B246-E535-4C8D-85FD-660EA39DFC51}.Release|x64.ActiveCfg = Release|Any CPU
		{9104B246-E535-4C8D-85FD-660EA39DFC51}.Release|x64.Build.0 = Release|Any CPU
		{9104B246-E535-4C8D-85FD-660EA39DFC51}.Release|x86.ActiveCfg = Release|Any CPU
		{9104B246-E535-4C8D-85FD-660EA39DFC51}.Release|x86.Build.0 = Release|Any CPU
		{472E1BCE-2B10-405B-92FF-4E564C484AFC}.Debug|Any CPU.ActiveCfg = Debug|Any CPU
		{472E1BCE-2B10-405B-92FF-4E564C484AFC}.Debug|Any CPU.Build.0 = Debug|Any CPU
		{472E1BCE-2B10-405B-92FF-4E564C484AFC}.Debug|x64.ActiveCfg = Debug|Any CPU
		{472E1BCE-2B10-405B-92FF-4E564C484AFC}.Debug|x64.Build.0 = Debug|Any CPU
		{472E1BCE-2B10-405B-92FF-4E564C484AFC}.Debug|x86.ActiveCfg = Debug|Any CPU
		{472E1BCE-2B10-405B-92FF-4E564C484AFC}.Debug|x86.Build.0 = Debug|Any CPU
		{472E1BCE-2B10-405B-92FF-4E564C484AFC}.Release|Any CPU.ActiveCfg = Release|Any CPU
		{472E1BCE-2B10-405B-92FF-4E564C484AFC}.Release|Any CPU.Build.0 = Release|Any CPU
		{472E1BCE-2B10-405B-92FF-4E564C484AFC}.Release|x64.ActiveCfg = Release|Any CPU
		{472E1BCE-2B10-405B-92FF-4E564C484AFC}.Release|x64.Build.0 = Release|Any CPU
		{472E1BCE-2B10-405B-92FF-4E564C484AFC}.Release|x86.ActiveCfg = Release|Any CPU
		{472E1BCE-2B10-405B-92FF-4E564C484AFC}.Release|x86.Build.0 = Release|Any CPU
		{757E54FA-EBF4-4842-AB9E-70BF24160333}.Debug|Any CPU.ActiveCfg = Debug|Any CPU
		{757E54FA-EBF4-4842-AB9E-70BF24160333}.Debug|Any CPU.Build.0 = Debug|Any CPU
		{757E54FA-EBF4-4842-AB9E-70BF24160333}.Debug|x64.ActiveCfg = Debug|Any CPU
		{757E54FA-EBF4-4842-AB9E-70BF24160333}.Debug|x64.Build.0 = Debug|Any CPU
		{757E54FA-EBF4-4842-AB9E-70BF24160333}.Debug|x86.ActiveCfg = Debug|Any CPU
		{757E54FA-EBF4-4842-AB9E-70BF24160333}.Debug|x86.Build.0 = Debug|Any CPU
		{757E54FA-EBF4-4842-AB9E-70BF24160333}.Release|Any CPU.ActiveCfg = Release|Any CPU
		{757E54FA-EBF4-4842-AB9E-70BF24160333}.Release|Any CPU.Build.0 = Release|Any CPU
		{757E54FA-EBF4-4842-AB9E-70BF24160333}.Release|x64.ActiveCfg = Release|Any CPU
		{757E54FA-EBF4-4842-AB9E-70BF24160333}.Release|x64.Build.0 = Release|Any CPU
		{757E54FA-EBF4-4842-AB9E-70BF24160333}.Release|x86.ActiveCfg = Release|Any CPU
		{757E54FA-EBF4-4842-AB9E-70BF24160333}.Release|x86.Build.0 = Release|Any CPU
		{059DEB42-B783-478E-BF5B-B6000A2C1DBB}.Debug|Any CPU.ActiveCfg = Debug|Any CPU
		{059DEB42-B783-478E-BF5B-B6000A2C1DBB}.Debug|Any CPU.Build.0 = Debug|Any CPU
		{059DEB42-B783-478E-BF5B-B6000A2C1DBB}.Debug|x64.ActiveCfg = Debug|Any CPU
		{059DEB42-B783-478E-BF5B-B6000A2C1DBB}.Debug|x64.Build.0 = Debug|Any CPU
		{059DEB42-B783-478E-BF5B-B6000A2C1DBB}.Debug|x86.ActiveCfg = Debug|Any CPU
		{059DEB42-B783-478E-BF5B-B6000A2C1DBB}.Debug|x86.Build.0 = Debug|Any CPU
		{059DEB42-B783-478E-BF5B-B6000A2C1DBB}.Release|Any CPU.ActiveCfg = Release|Any CPU
		{059DEB42-B783-478E-BF5B-B6000A2C1DBB}.Release|Any CPU.Build.0 = Release|Any CPU
		{059DEB42-B783-478E-BF5B-B6000A2C1DBB}.Release|x64.ActiveCfg = Release|Any CPU
		{059DEB42-B783-478E-BF5B-B6000A2C1DBB}.Release|x64.Build.0 = Release|Any CPU
		{059DEB42-B783-478E-BF5B-B6000A2C1DBB}.Release|x86.ActiveCfg = Release|Any CPU
		{059DEB42-B783-478E-BF5B-B6000A2C1DBB}.Release|x86.Build.0 = Release|Any CPU
		{8513FD10-145A-4A8B-9F0D-7210E28F90A5}.Debug|Any CPU.ActiveCfg = Debug|Any CPU
		{8513FD10-145A-4A8B-9F0D-7210E28F90A5}.Debug|Any CPU.Build.0 = Debug|Any CPU
		{8513FD10-145A-4A8B-9F0D-7210E28F90A5}.Debug|x64.ActiveCfg = Debug|Any CPU
		{8513FD10-145A-4A8B-9F0D-7210E28F90A5}.Debug|x64.Build.0 = Debug|Any CPU
		{8513FD10-145A-4A8B-9F0D-7210E28F90A5}.Debug|x86.ActiveCfg = Debug|Any CPU
		{8513FD10-145A-4A8B-9F0D-7210E28F90A5}.Debug|x86.Build.0 = Debug|Any CPU
		{8513FD10-145A-4A8B-9F0D-7210E28F90A5}.Release|Any CPU.ActiveCfg = Release|Any CPU
		{8513FD10-145A-4A8B-9F0D-7210E28F90A5}.Release|Any CPU.Build.0 = Release|Any CPU
		{8513FD10-145A-4A8B-9F0D-7210E28F90A5}.Release|x64.ActiveCfg = Release|Any CPU
		{8513FD10-145A-4A8B-9F0D-7210E28F90A5}.Release|x64.Build.0 = Release|Any CPU
		{8513FD10-145A-4A8B-9F0D-7210E28F90A5}.Release|x86.ActiveCfg = Release|Any CPU
		{8513FD10-145A-4A8B-9F0D-7210E28F90A5}.Release|x86.Build.0 = Release|Any CPU
		{5614816A-C381-4A71-A577-4F1977E677E9}.Debug|Any CPU.ActiveCfg = Debug|Any CPU
		{5614816A-C381-4A71-A577-4F1977E677E9}.Debug|Any CPU.Build.0 = Debug|Any CPU
		{5614816A-C381-4A71-A577-4F1977E677E9}.Debug|x64.ActiveCfg = Debug|Any CPU
		{5614816A-C381-4A71-A577-4F1977E677E9}.Debug|x64.Build.0 = Debug|Any CPU
		{5614816A-C381-4A71-A577-4F1977E677E9}.Debug|x86.ActiveCfg = Debug|Any CPU
		{5614816A-C381-4A71-A577-4F1977E677E9}.Debug|x86.Build.0 = Debug|Any CPU
		{5614816A-C381-4A71-A577-4F1977E677E9}.Release|Any CPU.ActiveCfg = Release|Any CPU
		{5614816A-C381-4A71-A577-4F1977E677E9}.Release|Any CPU.Build.0 = Release|Any CPU
		{5614816A-C381-4A71-A577-4F1977E677E9}.Release|x64.ActiveCfg = Release|Any CPU
		{5614816A-C381-4A71-A577-4F1977E677E9}.Release|x64.Build.0 = Release|Any CPU
		{5614816A-C381-4A71-A577-4F1977E677E9}.Release|x86.ActiveCfg = Release|Any CPU
		{5614816A-C381-4A71-A577-4F1977E677E9}.Release|x86.Build.0 = Release|Any CPU
		{8776BE79-E48A-4C0C-BBC0-5B3FFB115BA0}.Debug|Any CPU.ActiveCfg = Debug|Any CPU
		{8776BE79-E48A-4C0C-BBC0-5B3FFB115BA0}.Debug|Any CPU.Build.0 = Debug|Any CPU
		{8776BE79-E48A-4C0C-BBC0-5B3FFB115BA0}.Debug|x64.ActiveCfg = Debug|Any CPU
		{8776BE79-E48A-4C0C-BBC0-5B3FFB115BA0}.Debug|x64.Build.0 = Debug|Any CPU
		{8776BE79-E48A-4C0C-BBC0-5B3FFB115BA0}.Debug|x86.ActiveCfg = Debug|Any CPU
		{8776BE79-E48A-4C0C-BBC0-5B3FFB115BA0}.Debug|x86.Build.0 = Debug|Any CPU
		{8776BE79-E48A-4C0C-BBC0-5B3FFB115BA0}.Release|Any CPU.ActiveCfg = Release|Any CPU
		{8776BE79-E48A-4C0C-BBC0-5B3FFB115BA0}.Release|Any CPU.Build.0 = Release|Any CPU
		{8776BE79-E48A-4C0C-BBC0-5B3FFB115BA0}.Release|x64.ActiveCfg = Release|Any CPU
		{8776BE79-E48A-4C0C-BBC0-5B3FFB115BA0}.Release|x64.Build.0 = Release|Any CPU
		{8776BE79-E48A-4C0C-BBC0-5B3FFB115BA0}.Release|x86.ActiveCfg = Release|Any CPU
		{8776BE79-E48A-4C0C-BBC0-5B3FFB115BA0}.Release|x86.Build.0 = Release|Any CPU
		{6C0B9FDE-C79F-47DE-817F-726029BE09B2}.Debug|Any CPU.ActiveCfg = Debug|Any CPU
		{6C0B9FDE-C79F-47DE-817F-726029BE09B2}.Debug|Any CPU.Build.0 = Debug|Any CPU
		{6C0B9FDE-C79F-47DE-817F-726029BE09B2}.Debug|x64.ActiveCfg = Debug|Any CPU
		{6C0B9FDE-C79F-47DE-817F-726029BE09B2}.Debug|x64.Build.0 = Debug|Any CPU
		{6C0B9FDE-C79F-47DE-817F-726029BE09B2}.Debug|x86.ActiveCfg = Debug|Any CPU
		{6C0B9FDE-C79F-47DE-817F-726029BE09B2}.Debug|x86.Build.0 = Debug|Any CPU
		{6C0B9FDE-C79F-47DE-817F-726029BE09B2}.Release|Any CPU.ActiveCfg = Release|Any CPU
		{6C0B9FDE-C79F-47DE-817F-726029BE09B2}.Release|Any CPU.Build.0 = Release|Any CPU
		{6C0B9FDE-C79F-47DE-817F-726029BE09B2}.Release|x64.ActiveCfg = Release|Any CPU
		{6C0B9FDE-C79F-47DE-817F-726029BE09B2}.Release|x64.Build.0 = Release|Any CPU
		{6C0B9FDE-C79F-47DE-817F-726029BE09B2}.Release|x86.ActiveCfg = Release|Any CPU
		{6C0B9FDE-C79F-47DE-817F-726029BE09B2}.Release|x86.Build.0 = Release|Any CPU
	EndGlobalSection
	GlobalSection(SolutionProperties) = preSolution
		HideSolutionNode = FALSE
	EndGlobalSection
	GlobalSection(NestedProjects) = preSolution
		{9104B246-E535-4C8D-85FD-660EA39DFC51} = {827E0CD3-B72D-47B6-A68D-7590B98EB39B}
		{472E1BCE-2B10-405B-92FF-4E564C484AFC} = {827E0CD3-B72D-47B6-A68D-7590B98EB39B}
		{757E54FA-EBF4-4842-AB9E-70BF24160333} = {827E0CD3-B72D-47B6-A68D-7590B98EB39B}
		{059DEB42-B783-478E-BF5B-B6000A2C1DBB} = {827E0CD3-B72D-47B6-A68D-7590B98EB39B}
		{8513FD10-145A-4A8B-9F0D-7210E28F90A5} = {0AB3BF05-4346-4AA6-1389-037BE0695223}
		{5614816A-C381-4A71-A577-4F1977E677E9} = {0AB3BF05-4346-4AA6-1389-037BE0695223}
		{8776BE79-E48A-4C0C-BBC0-5B3FFB115BA0} = {0AB3BF05-4346-4AA6-1389-037BE0695223}
		{6C0B9FDE-C79F-47DE-817F-726029BE09B2} = {0AB3BF05-4346-4AA6-1389-037BE0695223}
	EndGlobalSection
EndGlobal
